// !$*UTF8*$!
{
	archiveVersion = 1;
	classes = {
	};
	objectVersion = 46;
	objects = {

/* Begin PBXBuildFile section */
		5A94FD811A72857300E720B5 /* HowToPlayController.swift in Sources */ = {isa = PBXBuildFile; fileRef = 5A94FD801A72857300E720B5 /* HowToPlayController.swift */; };
		5A94FD991A72861E00E720B5 /* Contents.json in Resources */ = {isa = PBXBuildFile; fileRef = 5A94FD841A72861E00E720B5 /* Contents.json */; };
		5A94FD9A1A72861E00E720B5 /* iPhone.png in Resources */ = {isa = PBXBuildFile; fileRef = 5A94FD851A72861E00E720B5 /* iPhone.png */; };
		5A94FD9B1A72861E00E720B5 /* iPhone@2x.png in Resources */ = {isa = PBXBuildFile; fileRef = 5A94FD861A72861E00E720B5 /* iPhone@2x.png */; };
		5A94FD9C1A72861E00E720B5 /* UIButton+IndexPath.m in Sources */ = {isa = PBXBuildFile; fileRef = 5A94FD8A1A72861E00E720B5 /* UIButton+IndexPath.m */; };
		5A94FD9D1A72861E00E720B5 /* SRFSurfboardPanelCell.m in Sources */ = {isa = PBXBuildFile; fileRef = 5A94FD8D1A72861E00E720B5 /* SRFSurfboardPanelCell.m */; };
		5A94FD9E1A72861E00E720B5 /* SRFSurfboardPanelCell.xib in Resources */ = {isa = PBXBuildFile; fileRef = 5A94FD8E1A72861E00E720B5 /* SRFSurfboardPanelCell.xib */; };
		5A94FD9F1A72861E00E720B5 /* SRFSurfboardPanel.m in Sources */ = {isa = PBXBuildFile; fileRef = 5A94FD911A72861E00E720B5 /* SRFSurfboardPanel.m */; };
		5A94FDA01A72861E00E720B5 /* panels.json in Resources */ = {isa = PBXBuildFile; fileRef = 5A94FD921A72861E00E720B5 /* panels.json */; };
		5A94FDA11A72861E00E720B5 /* SRFSurfboardViewController.m in Sources */ = {isa = PBXBuildFile; fileRef = 5A94FD981A72861E00E720B5 /* SRFSurfboardViewController.m */; };
		5A94FDA91A7288F300E720B5 /* shotglass.png in Resources */ = {isa = PBXBuildFile; fileRef = 5A94FDA31A7288F300E720B5 /* shotglass.png */; };
		5A94FDAA1A7288F300E720B5 /* drunk.png in Resources */ = {isa = PBXBuildFile; fileRef = 5A94FDA41A7288F300E720B5 /* drunk.png */; };
		5A94FDAB1A7288F300E720B5 /* difficulty.png in Resources */ = {isa = PBXBuildFile; fileRef = 5A94FDA51A7288F300E720B5 /* difficulty.png */; };
		5A94FDAC1A7288F300E720B5 /* pass.png in Resources */ = {isa = PBXBuildFile; fileRef = 5A94FDA61A7288F300E720B5 /* pass.png */; };
		5A94FDAD1A7288F300E720B5 /* everyMinute.png in Resources */ = {isa = PBXBuildFile; fileRef = 5A94FDA71A7288F300E720B5 /* everyMinute.png */; };
		5A94FDAE1A7288F300E720B5 /* plus1.png in Resources */ = {isa = PBXBuildFile; fileRef = 5A94FDA81A7288F300E720B5 /* plus1.png */; };
		5A94FDB41A72B01000E720B5 /* SHFlatButton.m in Sources */ = {isa = PBXBuildFile; fileRef = 5A94FDB31A72B01000E720B5 /* SHFlatButton.m */; };
		5A9C9D171A76D93000346BE5 /* MLAlertView.m in Sources */ = {isa = PBXBuildFile; fileRef = 5A9C9D161A76D93000346BE5 /* MLAlertView.m */; };
		5AAB12E11A77D368001E689A /* SettingsViewController.swift in Sources */ = {isa = PBXBuildFile; fileRef = 5AAB12E01A77D368001E689A /* SettingsViewController.swift */; };
		5AEAAFEB1A7267CE0068DA7C /* AppDelegate.swift in Sources */ = {isa = PBXBuildFile; fileRef = 5AEAAFEA1A7267CE0068DA7C /* AppDelegate.swift */; };
		5AEAAFEE1A7267CE0068DA7C /* PowerHourFinal.xcdatamodeld in Sources */ = {isa = PBXBuildFile; fileRef = 5AEAAFEC1A7267CE0068DA7C /* PowerHourFinal.xcdatamodeld */; };
		5AEAAFF01A7267CE0068DA7C /* ViewController.swift in Sources */ = {isa = PBXBuildFile; fileRef = 5AEAAFEF1A7267CE0068DA7C /* ViewController.swift */; };
		5AEAAFF31A7267CE0068DA7C /* Main.storyboard in Resources */ = {isa = PBXBuildFile; fileRef = 5AEAAFF11A7267CE0068DA7C /* Main.storyboard */; };
		5AEAAFF51A7267CE0068DA7C /* Images.xcassets in Resources */ = {isa = PBXBuildFile; fileRef = 5AEAAFF41A7267CE0068DA7C /* Images.xcassets */; };
		5AEAAFF81A7267CE0068DA7C /* LaunchScreen.xib in Resources */ = {isa = PBXBuildFile; fileRef = 5AEAAFF61A7267CE0068DA7C /* LaunchScreen.xib */; };
		5AEAB0041A7267CF0068DA7C /* PowerHourFinalTests.swift in Sources */ = {isa = PBXBuildFile; fileRef = 5AEAB0031A7267CF0068DA7C /* PowerHourFinalTests.swift */; };
		5AEAB0131A7269C10068DA7C /* AccordionView.m in Sources */ = {isa = PBXBuildFile; fileRef = 5AEAB0121A7269C10068DA7C /* AccordionView.m */; };
		5AEAB0161A7271590068DA7C /* DDHTimerControl.m in Sources */ = {isa = PBXBuildFile; fileRef = 5AEAB0151A7271590068DA7C /* DDHTimerControl.m */; };
		5AEAB0191A72719E0068DA7C /* TimerViewController.swift in Sources */ = {isa = PBXBuildFile; fileRef = 5AEAB0181A72719E0068DA7C /* TimerViewController.swift */; };
/* End PBXBuildFile section */

/* Begin PBXContainerItemProxy section */
		5AEAAFFE1A7267CF0068DA7C /* PBXContainerItemProxy */ = {
			isa = PBXContainerItemProxy;
			containerPortal = 5AEAAFDD1A7267CE0068DA7C /* Project object */;
			proxyType = 1;
			remoteGlobalIDString = 5AEAAFE41A7267CE0068DA7C;
			remoteInfo = PowerHourFinal;
		};
/* End PBXContainerItemProxy section */

/* Begin PBXFileReference section */
		5A94FD801A72857300E720B5 /* HowToPlayController.swift */ = {isa = PBXFileReference; fileEncoding = 4; lastKnownFileType = sourcecode.swift; path = HowToPlayController.swift; sourceTree = "<group>"; };
		5A94FD841A72861E00E720B5 /* Contents.json */ = {isa = PBXFileReference; fileEncoding = 4; lastKnownFileType = text.json; path = Contents.json; sourceTree = "<group>"; };
		5A94FD851A72861E00E720B5 /* iPhone.png */ = {isa = PBXFileReference; lastKnownFileType = image.png; path = iPhone.png; sourceTree = "<group>"; };
		5A94FD861A72861E00E720B5 /* iPhone@2x.png */ = {isa = PBXFileReference; lastKnownFileType = image.png; path = "iPhone@2x.png"; sourceTree = "<group>"; };
		5A94FD891A72861E00E720B5 /* UIButton+IndexPath.h */ = {isa = PBXFileReference; fileEncoding = 4; lastKnownFileType = sourcecode.c.h; path = "UIButton+IndexPath.h"; sourceTree = "<group>"; };
		5A94FD8A1A72861E00E720B5 /* UIButton+IndexPath.m */ = {isa = PBXFileReference; fileEncoding = 4; lastKnownFileType = sourcecode.c.objc; path = "UIButton+IndexPath.m"; sourceTree = "<group>"; };
		5A94FD8C1A72861E00E720B5 /* SRFSurfboardPanelCell.h */ = {isa = PBXFileReference; fileEncoding = 4; lastKnownFileType = sourcecode.c.h; path = SRFSurfboardPanelCell.h; sourceTree = "<group>"; };
		5A94FD8D1A72861E00E720B5 /* SRFSurfboardPanelCell.m */ = {isa = PBXFileReference; fileEncoding = 4; lastKnownFileType = sourcecode.c.objc; path = SRFSurfboardPanelCell.m; sourceTree = "<group>"; };
		5A94FD8E1A72861E00E720B5 /* SRFSurfboardPanelCell.xib */ = {isa = PBXFileReference; fileEncoding = 4; lastKnownFileType = file.xib; path = SRFSurfboardPanelCell.xib; sourceTree = "<group>"; };
		5A94FD901A72861E00E720B5 /* SRFSurfboardPanel.h */ = {isa = PBXFileReference; fileEncoding = 4; lastKnownFileType = sourcecode.c.h; path = SRFSurfboardPanel.h; sourceTree = "<group>"; };
		5A94FD911A72861E00E720B5 /* SRFSurfboardPanel.m */ = {isa = PBXFileReference; fileEncoding = 4; lastKnownFileType = sourcecode.c.objc; path = SRFSurfboardPanel.m; sourceTree = "<group>"; };
		5A94FD921A72861E00E720B5 /* panels.json */ = {isa = PBXFileReference; fileEncoding = 4; lastKnownFileType = text.json; path = panels.json; sourceTree = "<group>"; };
		5A94FD931A72861E00E720B5 /* SRFSurfboard.h */ = {isa = PBXFileReference; fileEncoding = 4; lastKnownFileType = sourcecode.c.h; path = SRFSurfboard.h; sourceTree = "<group>"; };
		5A94FD951A72861E00E720B5 /* SRFSurfboardDelegate.h */ = {isa = PBXFileReference; fileEncoding = 4; lastKnownFileType = sourcecode.c.h; path = SRFSurfboardDelegate.h; sourceTree = "<group>"; };
		5A94FD971A72861E00E720B5 /* SRFSurfboardViewController.h */ = {isa = PBXFileReference; fileEncoding = 4; lastKnownFileType = sourcecode.c.h; path = SRFSurfboardViewController.h; sourceTree = "<group>"; };
		5A94FD981A72861E00E720B5 /* SRFSurfboardViewController.m */ = {isa = PBXFileReference; fileEncoding = 4; lastKnownFileType = sourcecode.c.objc; path = SRFSurfboardViewController.m; sourceTree = "<group>"; };
		5A94FDA31A7288F300E720B5 /* shotglass.png */ = {isa = PBXFileReference; lastKnownFileType = image.png; path = shotglass.png; sourceTree = "<group>"; };
		5A94FDA41A7288F300E720B5 /* drunk.png */ = {isa = PBXFileReference; lastKnownFileType = image.png; path = drunk.png; sourceTree = "<group>"; };
		5A94FDA51A7288F300E720B5 /* difficulty.png */ = {isa = PBXFileReference; lastKnownFileType = image.png; path = difficulty.png; sourceTree = "<group>"; };
		5A94FDA61A7288F300E720B5 /* pass.png */ = {isa = PBXFileReference; lastKnownFileType = image.png; path = pass.png; sourceTree = "<group>"; };
		5A94FDA71A7288F300E720B5 /* everyMinute.png */ = {isa = PBXFileReference; lastKnownFileType = image.png; path = everyMinute.png; sourceTree = "<group>"; };
		5A94FDA81A7288F300E720B5 /* plus1.png */ = {isa = PBXFileReference; lastKnownFileType = image.png; path = plus1.png; sourceTree = "<group>"; };
		5A94FDB21A72B01000E720B5 /* SHFlatButton.h */ = {isa = PBXFileReference; fileEncoding = 4; lastKnownFileType = sourcecode.c.h; path = SHFlatButton.h; sourceTree = "<group>"; };
		5A94FDB31A72B01000E720B5 /* SHFlatButton.m */ = {isa = PBXFileReference; fileEncoding = 4; lastKnownFileType = sourcecode.c.objc; path = SHFlatButton.m; sourceTree = "<group>"; };
		5A9C9D151A76D93000346BE5 /* MLAlertView.h */ = {isa = PBXFileReference; fileEncoding = 4; lastKnownFileType = sourcecode.c.h; name = MLAlertView.h; path = ../Introduction/MLAlertView.h; sourceTree = "<group>"; };
		5A9C9D161A76D93000346BE5 /* MLAlertView.m */ = {isa = PBXFileReference; fileEncoding = 4; lastKnownFileType = sourcecode.c.objc; name = MLAlertView.m; path = ../Introduction/MLAlertView.m; sourceTree = "<group>"; };
		5AAB12E01A77D368001E689A /* SettingsViewController.swift */ = {isa = PBXFileReference; fileEncoding = 4; lastKnownFileType = sourcecode.swift; path = SettingsViewController.swift; sourceTree = "<group>"; };
		5AEAAFE51A7267CE0068DA7C /* PowerHourFinal.app */ = {isa = PBXFileReference; explicitFileType = wrapper.application; includeInIndex = 0; path = PowerHourFinal.app; sourceTree = BUILT_PRODUCTS_DIR; };
		5AEAAFE91A7267CE0068DA7C /* Info.plist */ = {isa = PBXFileReference; lastKnownFileType = text.plist.xml; path = Info.plist; sourceTree = "<group>"; };
		5AEAAFEA1A7267CE0068DA7C /* AppDelegate.swift */ = {isa = PBXFileReference; lastKnownFileType = sourcecode.swift; path = AppDelegate.swift; sourceTree = "<group>"; };
		5AEAAFED1A7267CE0068DA7C /* PowerHourFinal.xcdatamodel */ = {isa = PBXFileReference; lastKnownFileType = wrapper.xcdatamodel; path = PowerHourFinal.xcdatamodel; sourceTree = "<group>"; };
		5AEAAFEF1A7267CE0068DA7C /* ViewController.swift */ = {isa = PBXFileReference; lastKnownFileType = sourcecode.swift; path = ViewController.swift; sourceTree = "<group>"; };
		5AEAAFF21A7267CE0068DA7C /* Base */ = {isa = PBXFileReference; lastKnownFileType = file.storyboard; name = Base; path = Base.lproj/Main.storyboard; sourceTree = "<group>"; };
		5AEAAFF41A7267CE0068DA7C /* Images.xcassets */ = {isa = PBXFileReference; lastKnownFileType = folder.assetcatalog; path = Images.xcassets; sourceTree = "<group>"; };
		5AEAAFF71A7267CE0068DA7C /* Base */ = {isa = PBXFileReference; lastKnownFileType = file.xib; name = Base; path = Base.lproj/LaunchScreen.xib; sourceTree = "<group>"; };
		5AEAAFFD1A7267CF0068DA7C /* PowerHourFinalTests.xctest */ = {isa = PBXFileReference; explicitFileType = wrapper.cfbundle; includeInIndex = 0; path = PowerHourFinalTests.xctest; sourceTree = BUILT_PRODUCTS_DIR; };
		5AEAB0021A7267CF0068DA7C /* Info.plist */ = {isa = PBXFileReference; lastKnownFileType = text.plist.xml; path = Info.plist; sourceTree = "<group>"; };
		5AEAB0031A7267CF0068DA7C /* PowerHourFinalTests.swift */ = {isa = PBXFileReference; lastKnownFileType = sourcecode.swift; path = PowerHourFinalTests.swift; sourceTree = "<group>"; };
		5AEAB00D1A72694A0068DA7C /* PowerHourFinal-Bridging-Header.h */ = {isa = PBXFileReference; lastKnownFileType = sourcecode.c.h; path = "PowerHourFinal-Bridging-Header.h"; sourceTree = "<group>"; };
		5AEAB0111A7269C10068DA7C /* AccordionView.h */ = {isa = PBXFileReference; fileEncoding = 4; lastKnownFileType = sourcecode.c.h; path = AccordionView.h; sourceTree = "<group>"; };
		5AEAB0121A7269C10068DA7C /* AccordionView.m */ = {isa = PBXFileReference; fileEncoding = 4; lastKnownFileType = sourcecode.c.objc; path = AccordionView.m; sourceTree = "<group>"; };
		5AEAB0141A7271590068DA7C /* DDHTimerControl.h */ = {isa = PBXFileReference; fileEncoding = 4; lastKnownFileType = sourcecode.c.h; path = DDHTimerControl.h; sourceTree = "<group>"; };
		5AEAB0151A7271590068DA7C /* DDHTimerControl.m */ = {isa = PBXFileReference; fileEncoding = 4; lastKnownFileType = sourcecode.c.objc; path = DDHTimerControl.m; sourceTree = "<group>"; };
		5AEAB0181A72719E0068DA7C /* TimerViewController.swift */ = {isa = PBXFileReference; fileEncoding = 4; lastKnownFileType = sourcecode.swift; path = TimerViewController.swift; sourceTree = "<group>"; };
/* End PBXFileReference section */

/* Begin PBXFrameworksBuildPhase section */
		5AEAAFE21A7267CE0068DA7C /* Frameworks */ = {
			isa = PBXFrameworksBuildPhase;
			buildActionMask = 2147483647;
			files = (
			);
			runOnlyForDeploymentPostprocessing = 0;
		};
		5AEAAFFA1A7267CF0068DA7C /* Frameworks */ = {
			isa = PBXFrameworksBuildPhase;
			buildActionMask = 2147483647;
			files = (
			);
			runOnlyForDeploymentPostprocessing = 0;
		};
/* End PBXFrameworksBuildPhase section */

/* Begin PBXGroup section */
		5A94FD821A72861E00E720B5 /* Introduction */ = {
			isa = PBXGroup;
			children = (
				5A94FD831A72861E00E720B5 /* iPhone.imageset */,
				5A94FD871A72861E00E720B5 /* Panel Cells */,
				5A94FD8F1A72861E00E720B5 /* Panel Data Model */,
				5A94FD921A72861E00E720B5 /* panels.json */,
				5A94FD931A72861E00E720B5 /* SRFSurfboard.h */,
				5A94FD941A72861E00E720B5 /* Surfboard Delegate Protocol */,
				5A94FD961A72861E00E720B5 /* Surfboard View Controller */,
			);
			path = Introduction;
			sourceTree = "<group>";
		};
		5A94FD831A72861E00E720B5 /* iPhone.imageset */ = {
			isa = PBXGroup;
			children = (
				5A94FD841A72861E00E720B5 /* Contents.json */,
				5A94FD851A72861E00E720B5 /* iPhone.png */,
				5A94FD861A72861E00E720B5 /* iPhone@2x.png */,
			);
			path = iPhone.imageset;
			sourceTree = "<group>";
		};
		5A94FD871A72861E00E720B5 /* Panel Cells */ = {
			isa = PBXGroup;
			children = (
				5A94FD881A72861E00E720B5 /* Button Extension */,
				5A94FD8B1A72861E00E720B5 /* Default Cell */,
			);
			path = "Panel Cells";
			sourceTree = "<group>";
		};
		5A94FD881A72861E00E720B5 /* Button Extension */ = {
			isa = PBXGroup;
			children = (
				5A94FD891A72861E00E720B5 /* UIButton+IndexPath.h */,
				5A94FD8A1A72861E00E720B5 /* UIButton+IndexPath.m */,
			);
			path = "Button Extension";
			sourceTree = "<group>";
		};
		5A94FD8B1A72861E00E720B5 /* Default Cell */ = {
			isa = PBXGroup;
			children = (
				5A94FD8C1A72861E00E720B5 /* SRFSurfboardPanelCell.h */,
				5A94FD8D1A72861E00E720B5 /* SRFSurfboardPanelCell.m */,
				5A94FD8E1A72861E00E720B5 /* SRFSurfboardPanelCell.xib */,
			);
			path = "Default Cell";
			sourceTree = "<group>";
		};
		5A94FD8F1A72861E00E720B5 /* Panel Data Model */ = {
			isa = PBXGroup;
			children = (
				5A94FD901A72861E00E720B5 /* SRFSurfboardPanel.h */,
				5A94FD911A72861E00E720B5 /* SRFSurfboardPanel.m */,
			);
			path = "Panel Data Model";
			sourceTree = "<group>";
		};
		5A94FD941A72861E00E720B5 /* Surfboard Delegate Protocol */ = {
			isa = PBXGroup;
			children = (
				5A94FD951A72861E00E720B5 /* SRFSurfboardDelegate.h */,
			);
			path = "Surfboard Delegate Protocol";
			sourceTree = "<group>";
		};
		5A94FD961A72861E00E720B5 /* Surfboard View Controller */ = {
			isa = PBXGroup;
			children = (
				5A94FD971A72861E00E720B5 /* SRFSurfboardViewController.h */,
				5A94FD981A72861E00E720B5 /* SRFSurfboardViewController.m */,
			);
			path = "Surfboard View Controller";
			sourceTree = "<group>";
		};
		5A94FDA21A7288ED00E720B5 /* Images */ = {
			isa = PBXGroup;
			children = (
				5A94FDA31A7288F300E720B5 /* shotglass.png */,
				5A94FDA41A7288F300E720B5 /* drunk.png */,
				5A94FDA51A7288F300E720B5 /* difficulty.png */,
				5A94FDA61A7288F300E720B5 /* pass.png */,
				5A94FDA71A7288F300E720B5 /* everyMinute.png */,
				5A94FDA81A7288F300E720B5 /* plus1.png */,
			);
			path = Images;
			sourceTree = "<group>";
		};
		5AEAAFDC1A7267CE0068DA7C = {
			isa = PBXGroup;
			children = (
				5AEAAFE71A7267CE0068DA7C /* PowerHourFinal */,
				5AEAB0001A7267CF0068DA7C /* PowerHourFinalTests */,
				5AEAAFE61A7267CE0068DA7C /* Products */,
			);
			sourceTree = "<group>";
		};
		5AEAAFE61A7267CE0068DA7C /* Products */ = {
			isa = PBXGroup;
			children = (
				5AEAAFE51A7267CE0068DA7C /* PowerHourFinal.app */,
				5AEAAFFD1A7267CF0068DA7C /* PowerHourFinalTests.xctest */,
			);
			name = Products;
			sourceTree = "<group>";
		};
		5AEAAFE71A7267CE0068DA7C /* PowerHourFinal */ = {
			isa = PBXGroup;
			children = (
				5A94FDA21A7288ED00E720B5 /* Images */,
				5AEAB0171A72715C0068DA7C /* Controls */,
				5AEAAFEA1A7267CE0068DA7C /* AppDelegate.swift */,
				5AEAAFEF1A7267CE0068DA7C /* ViewController.swift */,
				5AEAB0181A72719E0068DA7C /* TimerViewController.swift */,
				5A94FD801A72857300E720B5 /* HowToPlayController.swift */,
				5AAB12E01A77D368001E689A /* SettingsViewController.swift */,
				5AEAAFF11A7267CE0068DA7C /* Main.storyboard */,
				5AEAAFF61A7267CE0068DA7C /* LaunchScreen.xib */,
				5AEAAFF41A7267CE0068DA7C /* Images.xcassets */,
				5AEAB00D1A72694A0068DA7C /* PowerHourFinal-Bridging-Header.h */,
				5AEAAFE81A7267CE0068DA7C /* Supporting Files */,
			);
			path = PowerHourFinal;
			sourceTree = "<group>";
		};
		5AEAAFE81A7267CE0068DA7C /* Supporting Files */ = {
			isa = PBXGroup;
			children = (
				5AEAAFEC1A7267CE0068DA7C /* PowerHourFinal.xcdatamodeld */,
				5AEAAFE91A7267CE0068DA7C /* Info.plist */,
			);
			path = "Supporting Files";
			sourceTree = "<group>";
		};
		5AEAB0001A7267CF0068DA7C /* PowerHourFinalTests */ = {
			isa = PBXGroup;
			children = (
				5AEAB0031A7267CF0068DA7C /* PowerHourFinalTests.swift */,
				5AEAB0011A7267CF0068DA7C /* Supporting Files */,
			);
			path = PowerHourFinalTests;
			sourceTree = "<group>";
		};
		5AEAB0011A7267CF0068DA7C /* Supporting Files */ = {
			isa = PBXGroup;
			children = (
				5AEAB0021A7267CF0068DA7C /* Info.plist */,
			);
			path = "Supporting Files";
			sourceTree = "<group>";
		};
		5AEAB0171A72715C0068DA7C /* Controls */ = {
			isa = PBXGroup;
			children = (
				5AFF9F5C1A76A7D0005B54B6 /* Accordion */,
				5AFF9F5B1A76A7AA005B54B6 /* Timer */,
				5AFF9F5A1A76A799005B54B6 /* Button */,
				5AFF9F591A76A77D005B54B6 /* Alert */,
				5A94FD821A72861E00E720B5 /* Introduction */,
			);
			path = Controls;
			sourceTree = "<group>";
		};
		5AFF9F591A76A77D005B54B6 /* Alert */ = {
			isa = PBXGroup;
			children = (
				5A9C9D151A76D93000346BE5 /* MLAlertView.h */,
				5A9C9D161A76D93000346BE5 /* MLAlertView.m */,
			);
			path = Alert;
			sourceTree = "<group>";
		};
		5AFF9F5A1A76A799005B54B6 /* Button */ = {
			isa = PBXGroup;
			children = (
				5A94FDB21A72B01000E720B5 /* SHFlatButton.h */,
				5A94FDB31A72B01000E720B5 /* SHFlatButton.m */,
			);
			path = Button;
			sourceTree = "<group>";
		};
		5AFF9F5B1A76A7AA005B54B6 /* Timer */ = {
			isa = PBXGroup;
			children = (
				5AEAB0141A7271590068DA7C /* DDHTimerControl.h */,
				5AEAB0151A7271590068DA7C /* DDHTimerControl.m */,
			);
			path = Timer;
			sourceTree = "<group>";
		};
		5AFF9F5C1A76A7D0005B54B6 /* Accordion */ = {
			isa = PBXGroup;
			children = (
				5AEAB0111A7269C10068DA7C /* AccordionView.h */,
				5AEAB0121A7269C10068DA7C /* AccordionView.m */,
			);
			path = Accordion;
			sourceTree = "<group>";
		};
/* End PBXGroup section */

/* Begin PBXNativeTarget section */
		5AEAAFE41A7267CE0068DA7C /* PowerHourFinal */ = {
			isa = PBXNativeTarget;
			buildConfigurationList = 5AEAB0071A7267CF0068DA7C /* Build configuration list for PBXNativeTarget "PowerHourFinal" */;
			buildPhases = (
				5AEAAFE11A7267CE0068DA7C /* Sources */,
				5AEAAFE21A7267CE0068DA7C /* Frameworks */,
				5AEAAFE31A7267CE0068DA7C /* Resources */,
			);
			buildRules = (
			);
			dependencies = (
			);
			name = PowerHourFinal;
			productName = PowerHourFinal;
			productReference = 5AEAAFE51A7267CE0068DA7C /* PowerHourFinal.app */;
			productType = "com.apple.product-type.application";
		};
		5AEAAFFC1A7267CF0068DA7C /* PowerHourFinalTests */ = {
			isa = PBXNativeTarget;
			buildConfigurationList = 5AEAB00A1A7267CF0068DA7C /* Build configuration list for PBXNativeTarget "PowerHourFinalTests" */;
			buildPhases = (
				5AEAAFF91A7267CF0068DA7C /* Sources */,
				5AEAAFFA1A7267CF0068DA7C /* Frameworks */,
				5AEAAFFB1A7267CF0068DA7C /* Resources */,
			);
			buildRules = (
			);
			dependencies = (
				5AEAAFFF1A7267CF0068DA7C /* PBXTargetDependency */,
			);
			name = PowerHourFinalTests;
			productName = PowerHourFinalTests;
			productReference = 5AEAAFFD1A7267CF0068DA7C /* PowerHourFinalTests.xctest */;
			productType = "com.apple.product-type.bundle.unit-test";
		};
/* End PBXNativeTarget section */

/* Begin PBXProject section */
		5AEAAFDD1A7267CE0068DA7C /* Project object */ = {
			isa = PBXProject;
			attributes = {
				LastUpgradeCheck = 0610;
				ORGANIZATIONNAME = "Morten Stulen";
				TargetAttributes = {
					5AEAAFE41A7267CE0068DA7C = {
						CreatedOnToolsVersion = 6.1.1;
					};
					5AEAAFFC1A7267CF0068DA7C = {
						CreatedOnToolsVersion = 6.1.1;
						TestTargetID = 5AEAAFE41A7267CE0068DA7C;
					};
				};
			};
			buildConfigurationList = 5AEAAFE01A7267CE0068DA7C /* Build configuration list for PBXProject "PowerHourFinal" */;
			compatibilityVersion = "Xcode 3.2";
			developmentRegion = English;
			hasScannedForEncodings = 0;
			knownRegions = (
				en,
				Base,
			);
			mainGroup = 5AEAAFDC1A7267CE0068DA7C;
			productRefGroup = 5AEAAFE61A7267CE0068DA7C /* Products */;
			projectDirPath = "";
			projectRoot = "";
			targets = (
				5AEAAFE41A7267CE0068DA7C /* PowerHourFinal */,
				5AEAAFFC1A7267CF0068DA7C /* PowerHourFinalTests */,
			);
		};
/* End PBXProject section */

/* Begin PBXResourcesBuildPhase section */
		5AEAAFE31A7267CE0068DA7C /* Resources */ = {
			isa = PBXResourcesBuildPhase;
			buildActionMask = 2147483647;
			files = (
				5A94FD9A1A72861E00E720B5 /* iPhone.png in Resources */,
				5AEAAFF31A7267CE0068DA7C /* Main.storyboard in Resources */,
				5A94FDAC1A7288F300E720B5 /* pass.png in Resources */,
				5AEAAFF81A7267CE0068DA7C /* LaunchScreen.xib in Resources */,
				5AEAAFF51A7267CE0068DA7C /* Images.xcassets in Resources */,
				5A94FDAD1A7288F300E720B5 /* everyMinute.png in Resources */,
				5A94FD9E1A72861E00E720B5 /* SRFSurfboardPanelCell.xib in Resources */,
				5A94FDAE1A7288F300E720B5 /* plus1.png in Resources */,
				5A94FD991A72861E00E720B5 /* Contents.json in Resources */,
				5A94FDAB1A7288F300E720B5 /* difficulty.png in Resources */,
				5A94FDA01A72861E00E720B5 /* panels.json in Resources */,
				5A94FD9B1A72861E00E720B5 /* iPhone@2x.png in Resources */,
				5A94FDAA1A7288F300E720B5 /* drunk.png in Resources */,
				5A94FDA91A7288F300E720B5 /* shotglass.png in Resources */,
			);
			runOnlyForDeploymentPostprocessing = 0;
		};
		5AEAAFFB1A7267CF0068DA7C /* Resources */ = {
			isa = PBXResourcesBuildPhase;
			buildActionMask = 2147483647;
			files = (
			);
			runOnlyForDeploymentPostprocessing = 0;
		};
/* End PBXResourcesBuildPhase section */

/* Begin PBXSourcesBuildPhase section */
		5AEAAFE11A7267CE0068DA7C /* Sources */ = {
			isa = PBXSourcesBuildPhase;
			buildActionMask = 2147483647;
			files = (
				5AEAB0161A7271590068DA7C /* DDHTimerControl.m in Sources */,
				5A94FD9C1A72861E00E720B5 /* UIButton+IndexPath.m in Sources */,
				5AEAAFF01A7267CE0068DA7C /* ViewController.swift in Sources */,
				5AEAAFEE1A7267CE0068DA7C /* PowerHourFinal.xcdatamodeld in Sources */,
				5AEAAFEB1A7267CE0068DA7C /* AppDelegate.swift in Sources */,
				5A94FDA11A72861E00E720B5 /* SRFSurfboardViewController.m in Sources */,
				5AEAB0191A72719E0068DA7C /* TimerViewController.swift in Sources */,
				5A94FD811A72857300E720B5 /* HowToPlayController.swift in Sources */,
				5A9C9D171A76D93000346BE5 /* MLAlertView.m in Sources */,
				5AAB12E11A77D368001E689A /* SettingsViewController.swift in Sources */,
				5A94FD9F1A72861E00E720B5 /* SRFSurfboardPanel.m in Sources */,
				5A94FD9D1A72861E00E720B5 /* SRFSurfboardPanelCell.m in Sources */,
				5AEAB0131A7269C10068DA7C /* AccordionView.m in Sources */,
				5A94FDB41A72B01000E720B5 /* SHFlatButton.m in Sources */,
			);
			runOnlyForDeploymentPostprocessing = 0;
		};
		5AEAAFF91A7267CF0068DA7C /* Sources */ = {
			isa = PBXSourcesBuildPhase;
			buildActionMask = 2147483647;
			files = (
				5AEAB0041A7267CF0068DA7C /* PowerHourFinalTests.swift in Sources */,
			);
			runOnlyForDeploymentPostprocessing = 0;
		};
/* End PBXSourcesBuildPhase section */

/* Begin PBXTargetDependency section */
		5AEAAFFF1A7267CF0068DA7C /* PBXTargetDependency */ = {
			isa = PBXTargetDependency;
			target = 5AEAAFE41A7267CE0068DA7C /* PowerHourFinal */;
			targetProxy = 5AEAAFFE1A7267CF0068DA7C /* PBXContainerItemProxy */;
		};
/* End PBXTargetDependency section */

/* Begin PBXVariantGroup section */
		5AEAAFF11A7267CE0068DA7C /* Main.storyboard */ = {
			isa = PBXVariantGroup;
			children = (
				5AEAAFF21A7267CE0068DA7C /* Base */,
			);
			name = Main.storyboard;
			path = .;
			sourceTree = "<group>";
		};
		5AEAAFF61A7267CE0068DA7C /* LaunchScreen.xib */ = {
			isa = PBXVariantGroup;
			children = (
				5AEAAFF71A7267CE0068DA7C /* Base */,
			);
			name = LaunchScreen.xib;
			path = .;
			sourceTree = "<group>";
		};
/* End PBXVariantGroup section */

/* Begin XCBuildConfiguration section */
		5AEAB0051A7267CF0068DA7C /* Debug */ = {
			isa = XCBuildConfiguration;
			buildSettings = {
				ALWAYS_SEARCH_USER_PATHS = NO;
				CLANG_CXX_LANGUAGE_STANDARD = "gnu++0x";
				CLANG_CXX_LIBRARY = "libc++";
				CLANG_ENABLE_MODULES = YES;
				CLANG_ENABLE_OBJC_ARC = YES;
				CLANG_WARN_BOOL_CONVERSION = YES;
				CLANG_WARN_CONSTANT_CONVERSION = YES;
				CLANG_WARN_DIRECT_OBJC_ISA_USAGE = YES_ERROR;
				CLANG_WARN_EMPTY_BODY = YES;
				CLANG_WARN_ENUM_CONVERSION = YES;
				CLANG_WARN_INT_CONVERSION = YES;
				CLANG_WARN_OBJC_ROOT_CLASS = YES_ERROR;
				CLANG_WARN_UNREACHABLE_CODE = YES;
				CLANG_WARN__DUPLICATE_METHOD_MATCH = YES;
				"CODE_SIGN_IDENTITY[sdk=iphoneos*]" = "iPhone Developer";
				COPY_PHASE_STRIP = NO;
				ENABLE_STRICT_OBJC_MSGSEND = YES;
				GCC_C_LANGUAGE_STANDARD = gnu99;
				GCC_DYNAMIC_NO_PIC = NO;
				GCC_OPTIMIZATION_LEVEL = 0;
				GCC_PREPROCESSOR_DEFINITIONS = (
					"DEBUG=1",
					"$(inherited)",
				);
				GCC_SYMBOLS_PRIVATE_EXTERN = NO;
				GCC_WARN_64_TO_32_BIT_CONVERSION = YES;
				GCC_WARN_ABOUT_RETURN_TYPE = YES_ERROR;
				GCC_WARN_UNDECLARED_SELECTOR = YES;
				GCC_WARN_UNINITIALIZED_AUTOS = YES_AGGRESSIVE;
				GCC_WARN_UNUSED_FUNCTION = YES;
				GCC_WARN_UNUSED_VARIABLE = YES;
				IPHONEOS_DEPLOYMENT_TARGET = 8.1;
				MTL_ENABLE_DEBUG_INFO = YES;
				ONLY_ACTIVE_ARCH = YES;
				SDKROOT = iphoneos;
				SWIFT_OPTIMIZATION_LEVEL = "-Onone";
				TARGETED_DEVICE_FAMILY = "1,2";
			};
			name = Debug;
		};
		5AEAB0061A7267CF0068DA7C /* Release */ = {
			isa = XCBuildConfiguration;
			buildSettings = {
				ALWAYS_SEARCH_USER_PATHS = NO;
				CLANG_CXX_LANGUAGE_STANDARD = "gnu++0x";
				CLANG_CXX_LIBRARY = "libc++";
				CLANG_ENABLE_MODULES = YES;
				CLANG_ENABLE_OBJC_ARC = YES;
				CLANG_WARN_BOOL_CONVERSION = YES;
				CLANG_WARN_CONSTANT_CONVERSION = YES;
				CLANG_WARN_DIRECT_OBJC_ISA_USAGE = YES_ERROR;
				CLANG_WARN_EMPTY_BODY = YES;
				CLANG_WARN_ENUM_CONVERSION = YES;
				CLANG_WARN_INT_CONVERSION = YES;
				CLANG_WARN_OBJC_ROOT_CLASS = YES_ERROR;
				CLANG_WARN_UNREACHABLE_CODE = YES;
				CLANG_WARN__DUPLICATE_METHOD_MATCH = YES;
				"CODE_SIGN_IDENTITY[sdk=iphoneos*]" = "iPhone Developer";
				COPY_PHASE_STRIP = YES;
				ENABLE_NS_ASSERTIONS = NO;
				ENABLE_STRICT_OBJC_MSGSEND = YES;
				GCC_C_LANGUAGE_STANDARD = gnu99;
				GCC_WARN_64_TO_32_BIT_CONVERSION = YES;
				GCC_WARN_ABOUT_RETURN_TYPE = YES_ERROR;
				GCC_WARN_UNDECLARED_SELECTOR = YES;
				GCC_WARN_UNINITIALIZED_AUTOS = YES_AGGRESSIVE;
				GCC_WARN_UNUSED_FUNCTION = YES;
				GCC_WARN_UNUSED_VARIABLE = YES;
				IPHONEOS_DEPLOYMENT_TARGET = 8.1;
				MTL_ENABLE_DEBUG_INFO = NO;
				SDKROOT = iphoneos;
				TARGETED_DEVICE_FAMILY = "1,2";
				VALIDATE_PRODUCT = YES;
			};
			name = Release;
		};
		5AEAB0081A7267CF0068DA7C /* Debug */ = {
			isa = XCBuildConfiguration;
			buildSettings = {
				ASSETCATALOG_COMPILER_APPICON_NAME = AppIcon;
				CLANG_ENABLE_MODULES = YES;
				INFOPLIST_FILE = "PowerHourFinal/Supporting Files/Info.plist";
				LD_RUNPATH_SEARCH_PATHS = "$(inherited) @executable_path/Frameworks";
				PRODUCT_NAME = "$(TARGET_NAME)";
				SWIFT_OBJC_BRIDGING_HEADER = "PowerHourFinal/PowerHourFinal-Bridging-Header.h";
				SWIFT_OPTIMIZATION_LEVEL = "-Onone";
			};
			name = Debug;
		};
		5AEAB0091A7267CF0068DA7C /* Release */ = {
			isa = XCBuildConfiguration;
			buildSettings = {
				ASSETCATALOG_COMPILER_APPICON_NAME = AppIcon;
				CLANG_ENABLE_MODULES = YES;
				INFOPLIST_FILE = "PowerHourFinal/Supporting Files/Info.plist";
				LD_RUNPATH_SEARCH_PATHS = "$(inherited) @executable_path/Frameworks";
				PRODUCT_NAME = "$(TARGET_NAME)";
				SWIFT_OBJC_BRIDGING_HEADER = "PowerHourFinal/PowerHourFinal-Bridging-Header.h";
			};
			name = Release;
		};
		5AEAB00B1A7267CF0068DA7C /* Debug */ = {
			isa = XCBuildConfiguration;
			buildSettings = {
				BUNDLE_LOADER = "$(TEST_HOST)";
				FRAMEWORK_SEARCH_PATHS = (
					"$(SDKROOT)/Developer/Library/Frameworks",
					"$(inherited)",
				);
				GCC_PREPROCESSOR_DEFINITIONS = (
					"DEBUG=1",
					"$(inherited)",
				);
				INFOPLIST_FILE = "PowerHourFinalTests/Supporting Files/Info.plist";
				LD_RUNPATH_SEARCH_PATHS = "$(inherited) @executable_path/Frameworks @loader_path/Frameworks";
				PRODUCT_NAME = "$(TARGET_NAME)";
				TEST_HOST = "$(BUILT_PRODUCTS_DIR)/PowerHourFinal.app/PowerHourFinal";
			};
			name = Debug;
		};
		5AEAB00C1A7267CF0068DA7C /* Release */ = {
			isa = XCBuildConfiguration;
			buildSettings = {
				BUNDLE_LOADER = "$(TEST_HOST)";
				FRAMEWORK_SEARCH_PATHS = (
					"$(SDKROOT)/Developer/Library/Frameworks",
					"$(inherited)",
				);
				INFOPLIST_FILE = "PowerHourFinalTests/Supporting Files/Info.plist";
				LD_RUNPATH_SEARCH_PATHS = "$(inherited) @executable_path/Frameworks @loader_path/Frameworks";
				PRODUCT_NAME = "$(TARGET_NAME)";
				TEST_HOST = "$(BUILT_PRODUCTS_DIR)/PowerHourFinal.app/PowerHourFinal";
			};
			name = Release;
		};
/* End XCBuildConfiguration section */

/* Begin XCConfigurationList section */
		5AEAAFE01A7267CE0068DA7C /* Build configuration list for PBXProject "PowerHourFinal" */ = {
			isa = XCConfigurationList;
			buildConfigurations = (
				5AEAB0051A7267CF0068DA7C /* Debug */,
				5AEAB0061A7267CF0068DA7C /* Release */,
			);
			defaultConfigurationIsVisible = 0;
			defaultConfigurationName = Release;
		};
		5AEAB0071A7267CF0068DA7C /* Build configuration list for PBXNativeTarget "PowerHourFinal" */ = {
			isa = XCConfigurationList;
			buildConfigurations = (
				5AEAB0081A7267CF0068DA7C /* Debug */,
				5AEAB0091A7267CF0068DA7C /* Release */,
			);
			defaultConfigurationIsVisible = 0;
			defaultConfigurationName = Release;
		};
		5AEAB00A1A7267CF0068DA7C /* Build configuration list for PBXNativeTarget "PowerHourFinalTests" */ = {
			isa = XCConfigurationList;
			buildConfigurations = (
				5AEAB00B1A7267CF0068DA7C /* Debug */,
				5AEAB00C1A7267CF0068DA7C /* Release */,
			);
			defaultConfigurationIsVisible = 0;
			defaultConfigurationName = Release;
		};
/* End XCConfigurationList section */

/* Begin XCVersionGroup section */
		5AEAAFEC1A7267CE0068DA7C /* PowerHourFinal.xcdatamodeld */ = {
			isa = XCVersionGroup;
			children = (
				5AEAAFED1A7267CE0068DA7C /* PowerHourFinal.xcdatamodel */,
			);
			currentVersion = 5AEAAFED1A7267CE0068DA7C /* PowerHourFinal.xcdatamodel */;
			path = PowerHourFinal.xcdatamodeld;
			sourceTree = "<group>";
			versionGroupType = wrapper.xcdatamodel;
		};
/* End XCVersionGroup section */
	};
	rootObject = 5AEAAFDD1A7267CE0068DA7C /* Project object */;
}
